// !$*UTF8*$!
{
	archiveVersion = 1;
	classes = {
	};
	objectVersion = 77;
	objects = {

/* Begin PBXBuildFile section */
		109FDAE7C5B0FCFEC2B5BC53 /* Assets.xcassets in Resources */ = {isa = PBXBuildFile; fileRef = DBA3B5F1F273075F11510DB1 /* Assets.xcassets */; };
		741DEC5F27E385393C553304 /* DiskScanner.swift in Sources */ = {isa = PBXBuildFile; fileRef = 1A3438FB65C651E8B1B5D74F /* DiskScanner.swift */; };
		949E5637B66E8E3703482A7E /* ContentView.swift in Sources */ = {isa = PBXBuildFile; fileRef = ABE3EF926CF7976E5B2BAC51 /* ContentView.swift */; };
		A7115019480D29B658CF8B7B /* FileItem.swift in Sources */ = {isa = PBXBuildFile; fileRef = F6D702A70028EC97B7188FBD /* FileItem.swift */; };
		F84FF6539A117CF40478CA0C /* DiskAnalyzerApp.swift in Sources */ = {isa = PBXBuildFile; fileRef = C3BB02DA235F391CF7486C34 /* DiskAnalyzerApp.swift */; };
/* End PBXBuildFile section */

/* Begin PBXFileReference section */
		1A3438FB65C651E8B1B5D74F /* DiskScanner.swift */ = {isa = PBXFileReference; lastKnownFileType = sourcecode.swift; path = DiskScanner.swift; sourceTree = "<group>"; };
		1C9AC6B7092D852A9BD07C1F /* DiskAnalyzer.entitlements */ = {isa = PBXFileReference; lastKnownFileType = text.plist.entitlements; path = DiskAnalyzer.entitlements; sourceTree = "<group>"; };
		ABE3EF926CF7976E5B2BAC51 /* ContentView.swift */ = {isa = PBXFileReference; lastKnownFileType = sourcecode.swift; path = ContentView.swift; sourceTree = "<group>"; };
		C3BB02DA235F391CF7486C34 /* DiskAnalyzerApp.swift */ = {isa = PBXFileReference; lastKnownFileType = sourcecode.swift; path = DiskAnalyzerApp.swift; sourceTree = "<group>"; };
		DBA3B5F1F273075F11510DB1 /* Assets.xcassets */ = {isa = PBXFileReference; lastKnownFileType = folder.assetcatalog; path = Assets.xcassets; sourceTree = "<group>"; };
		F6D702A70028EC97B7188FBD /* FileItem.swift */ = {isa = PBXFileReference; lastKnownFileType = sourcecode.swift; path = FileItem.swift; sourceTree = "<group>"; };
		FBFFDF7D99DC6DEBA7060B1F /* DiskAnalyzer.app */ = {isa = PBXFileReference; explicitFileType = wrapper.application; includeInIndex = 0; path = DiskAnalyzer.app; sourceTree = BUILT_PRODUCTS_DIR; };
/* End PBXFileReference section */

/* Begin PBXGroup section */
		2B3C1A7E626E8CBFAEF653A1 = {
			isa = PBXGroup;
			children = (
				5430343C5D29E58EBE6817BB /* DiskAnalyzer */,
				31A27C39564829A16015FB3E /* Products */,
			);
			sourceTree = "<group>";
		};
		31A27C39564829A16015FB3E /* Products */ = {
			isa = PBXGroup;
			children = (
				FBFFDF7D99DC6DEBA7060B1F /* DiskAnalyzer.app */,
			);
			name = Products;
			sourceTree = "<group>";
		};
		5430343C5D29E58EBE6817BB /* DiskAnalyzer */ = {
			isa = PBXGroup;
			children = (
				DBA3B5F1F273075F11510DB1 /* Assets.xcassets */,
				ABE3EF926CF7976E5B2BAC51 /* ContentView.swift */,
				1C9AC6B7092D852A9BD07C1F /* DiskAnalyzer.entitlements */,
				C3BB02DA235F391CF7486C34 /* DiskAnalyzerApp.swift */,
				1A3438FB65C651E8B1B5D74F /* DiskScanner.swift */,
				F6D702A70028EC97B7188FBD /* FileItem.swift */,
			);
			path = DiskAnalyzer;
			sourceTree = "<group>";
		};
/* End PBXGroup section */

/* Begin PBXNativeTarget section */
		EF32CE4D4F11F20AF3FAB57F /* DiskAnalyzer */ = {
			isa = PBXNativeTarget;
			buildConfigurationList = 953A8A24F42641A52594B237 /* Build configuration list for PBXNativeTarget "DiskAnalyzer" */;
			buildPhases = (
				66AF041D29D78ACAC379F420 /* Sources */,
				901361D2F77BBF7F8EF3F434 /* Resources */,
			);
			buildRules = (
			);
			dependencies = (
			);
			name = DiskAnalyzer;
			packageProductDependencies = (
			);
			productName = DiskAnalyzer;
			productReference = FBFFDF7D99DC6DEBA7060B1F /* DiskAnalyzer.app */;
			productType = "com.apple.product-type.application";
		};
/* End PBXNativeTarget section */

/* Begin PBXProject section */
		9292972305F5F4174E42E6E1 /* Project object */ = {
			isa = PBXProject;
			attributes = {
				BuildIndependentTargetsInParallel = YES;
				LastUpgradeCheck = 1600;
				TargetAttributes = {
					EF32CE4D4F11F20AF3FAB57F = {
						ProvisioningStyle = Automatic;
					};
				};
			};
			buildConfigurationList = 03DF41305FB3C94B28A97F16 /* Build configuration list for PBXProject "DiskAnalyzer" */;
			compatibilityVersion = "Xcode 14.0";
			developmentRegion = en;
			hasScannedForEncodings = 0;
			knownRegions = (
				Base,
				en,
			);
			mainGroup = 2B3C1A7E626E8CBFAEF653A1;
			minimizedProjectReferenceProxies = 1;
			preferredProjectObjectVersion = 77;
			projectDirPath = "";
			projectRoot = "";
			targets = (
				EF32CE4D4F11F20AF3FAB57F /* DiskAnalyzer */,
			);
		};
/* End PBXProject section */

/* Begin PBXResourcesBuildPhase section */
		901361D2F77BBF7F8EF3F434 /* Resources */ = {
			isa = PBXResourcesBuildPhase;
			buildActionMask = 2147483647;
			files = (
				109FDAE7C5B0FCFEC2B5BC53 /* Assets.xcassets in Resources */,
			);
			runOnlyForDeploymentPostprocessing = 0;
		};
/* End PBXResourcesBuildPhase section */

/* Begin PBXSourcesBuildPhase section */
		66AF041D29D78ACAC379F420 /* Sources */ = {
			isa = PBXSourcesBuildPhase;
			buildActionMask = 2147483647;
			files = (
				949E5637B66E8E3703482A7E /* ContentView.swift in Sources */,
				F84FF6539A117CF40478CA0C /* DiskAnalyzerApp.swift in Sources */,
				741DEC5F27E385393C553304 /* DiskScanner.swift in Sources */,
				A7115019480D29B658CF8B7B /* FileItem.swift in Sources */,
			);
			runOnlyForDeploymentPostprocessing = 0;
		};
/* End PBXSourcesBuildPhase section */

/* Begin XCBuildConfiguration section */
		A5887BC222F0CE4D1CD9E404 /* Release */ = {
			isa = XCBuildConfiguration;
			buildSettings = {
				ASSETCATALOG_COMPILER_APPICON_NAME = AppIcon;
				CODE_SIGN_ENTITLEMENTS = DiskAnalyzer/DiskAnalyzer.entitlements;
				CODE_SIGN_STYLE = Automatic;
				COMBINE_HIDPI_IMAGES = YES;
				CURRENT_PROJECT_VERSION = 1;
				ENABLE_HARDENED_RUNTIME = YES;
				GENERATE_INFOPLIST_FILE = YES;
				INFOPLIST_KEY_LSApplicationCategoryType = "public.app-category.utilities";
				INFOPLIST_KEY_NSHumanReadableCopyright = "";
				LD_RUNPATH_SEARCH_PATHS = (
					"$(inherited)",
					"@executable_path/../Frameworks",
				);
				MARKETING_VERSION = 1.0;
				PRODUCT_BUNDLE_IDENTIFIER = com.appo.DiskAnalyzer;
				PRODUCT_NAME = "Disk Analiz";
				SDKROOT = macosx;
			};
			name = Release;
		};
		BFC8D16B8E39C35DC70E5F4F /* Debug */ = {
			isa = XCBuildConfiguration;
			buildSettings = {
				ASSETCATALOG_COMPILER_APPICON_NAME = AppIcon;
				CODE_SIGN_ENTITLEMENTS = DiskAnalyzer/DiskAnalyzer.entitlements;
				CODE_SIGN_STYLE = Automatic;
				COMBINE_HIDPI_IMAGES = YES;
				CURRENT_PROJECT_VERSION = 1;
				ENABLE_HARDENED_RUNTIME = YES;
				GENERATE_INFOPLIST_FILE = YES;
				INFOPLIST_KEY_LSApplicationCategoryType = "public.app-category.utilities";
				INFOPLIST_KEY_NSHumanReadableCopyright = "";
				LD_RUNPATH_SEARCH_PATHS = (
					"$(inherited)",
					"@executable_path/../Frameworks",
				);
				MARKETING_VERSION = 1.0;
				PRODUCT_BUNDLE_IDENTIFIER = com.appo.DiskAnalyzer;
				PRODUCT_NAME = "Disk Analiz";
				SDKROOT = macosx;
			};
			name = Debug;
		};
		D3A566272DEF2219353AD25D /* Release */ = {
			isa = XCBuildConfiguration;
			buildSettings = {
				ALWAYS_SEARCH_USER_PATHS = NO;
				CLANG_ANALYZER_NONNULL = YES;
				CLANG_ANALYZER_NUMBER_OBJECT_CONVERSION = YES_AGGRESSIVE;
				CLANG_CXX_LANGUAGE_STANDARD = "gnu++14";
				CLANG_CXX_LIBRARY = "libc++";
				CLANG_ENABLE_MODULES = YES;
				CLANG_ENABLE_OBJC_ARC = YES;
				CLANG_ENABLE_OBJC_WEAK = YES;
				CLANG_WARN_BLOCK_CAPTURE_AUTORELEASING = YES;
				CLANG_WARN_BOOL_CONVERSION = YES;
				CLANG_WARN_COMMA = YES;
				CLANG_WARN_CONSTANT_CONVERSION = YES;
				CLANG_WARN_DEPRECATED_OBJC_IMPLEMENTATIONS = YES;
				CLANG_WARN_DIRECT_OBJC_ISA_USAGE = YES_ERROR;
				CLANG_WARN_DOCUMENTATION_COMMENTS = YES;
				CLANG_WARN_EMPTY_BODY = YES;
				CLANG_WARN_ENUM_CONVERSION = YES;
				CLANG_WARN_INFINITE_RECURSION = YES;
				CLANG_WARN_INT_CONVERSION = YES;
				CLANG_WARN_NON_LITERAL_NULL_CONVERSION = YES;
				CLANG_WARN_OBJC_IMPLICIT_RETAIN_SELF = YES;
				CLANG_WARN_OBJC_LITERAL_CONVERSION = YES;
				CLANG_WARN_OBJC_ROOT_CLASS = YES_ERROR;
				CLANG_WARN_QUOTED_INCLUDE_IN_FRAMEWORK_HEADER = YES;
				CLANG_WARN_RANGE_LOOP_ANALYSIS = YES;
				CLANG_WARN_STRICT_PROTOTYPES = YES;
				CLANG_WARN_SUSPICIOUS_MOVE = YES;
				CLANG_WARN_UNGUARDED_AVAILABILITY = YES_AGGRESSIVE;
				CLANG_WARN_UNREACHABLE_CODE = YES;
				CLANG_WARN__DUPLICATE_METHOD_MATCH = YES;
				COPY_PHASE_STRIP = NO;
				DEBUG_INFORMATION_FORMAT = "dwarf-with-dsym";
				ENABLE_NS_ASSERTIONS = NO;
				ENABLE_STRICT_OBJC_MSGSEND = YES;
				GCC_C_LANGUAGE_STANDARD = gnu11;
				GCC_NO_COMMON_BLOCKS = YES;
				GCC_WARN_64_TO_32_BIT_CONVERSION = YES;
				GCC_WARN_ABOUT_RETURN_TYPE = YES_ERROR;
				GCC_WARN_UNDECLARED_SELECTOR = YES;
				GCC_WARN_UNINITIALIZED_AUTOS = YES_AGGRESSIVE;
				GCC_WARN_UNUSED_FUNCTION = YES;
				GCC_WARN_UNUSED_VARIABLE = YES;
				MACOSX_DEPLOYMENT_TARGET = 14.0;
				MTL_ENABLE_DEBUG_INFO = NO;
				MTL_FAST_MATH = YES;
				PRODUCT_NAME = "$(TARGET_NAME)";
				SDKROOT = macosx;
				SWIFT_COMPILATION_MODE = wholemodule;
				SWIFT_OPTIMIZATION_LEVEL = "-O";
				SWIFT_VERSION = 5.0;
			};
			name = Release;
		};
		DE04F9FCE0D9995F798C5EB4 /* Debug */ = {
			isa = XCBuildConfiguration;
			buildSettings = {
				ALWAYS_SEARCH_USER_PATHS = NO;
				CLANG_ANALYZER_NONNULL = YES;
				CLANG_ANALYZER_NUMBER_OBJECT_CONVERSION = YES_AGGRESSIVE;
				CLANG_CXX_LANGUAGE_STANDARD = "gnu++14";
				CLANG_CXX_LIBRARY = "libc++";
				CLANG_ENABLE_MODULES = YES;
				CLANG_ENABLE_OBJC_ARC = YES;
				CLANG_ENABLE_OBJC_WEAK = YES;
				CLANG_WARN_BLOCK_CAPTURE_AUTORELEASING = YES;
				CLANG_WARN_BOOL_CONVERSION = YES;
				CLANG_WARN_COMMA = YES;
				CLANG_WARN_CONSTANT_CONVERSION = YES;
				CLANG_WARN_DEPRECATED_OBJC_IMPLEMENTATIONS = YES;
				CLANG_WARN_DIRECT_OBJC_ISA_USAGE = YES_ERROR;
				CLANG_WARN_DOCUMENTATION_COMMENTS = YES;
				CLANG_WARN_EMPTY_BODY = YES;
				CLANG_WARN_ENUM_CONVERSION = YES;
				CLANG_WARN_INFINITE_RECURSION = YES;
				CLANG_WARN_INT_CONVERSION = YES;
				CLANG_WARN_NON_LITERAL_NULL_CONVERSION = YES;
				CLANG_WARN_OBJC_IMPLICIT_RETAIN_SELF = YES;
				CLANG_WARN_OBJC_LITERAL_CONVERSION = YES;
				CLANG_WARN_OBJC_ROOT_CLASS = YES_ERROR;
				CLANG_WARN_QUOTED_INCLUDE_IN_FRAMEWORK_HEADER = YES;
				CLANG_WARN_RANGE_LOOP_ANALYSIS = YES;
				CLANG_WARN_STRICT_PROTOTYPES = YES;
				CLANG_WARN_SUSPICIOUS_MOVE = YES;
				CLANG_WARN_UNGUARDED_AVAILABILITY = YES_AGGRESSIVE;
				CLANG_WARN_UNREACHABLE_CODE = YES;
				CLANG_WARN__DUPLICATE_METHOD_MATCH = YES;
				COPY_PHASE_STRIP = NO;
				DEBUG_INFORMATION_FORMAT = dwarf;
				ENABLE_STRICT_OBJC_MSGSEND = YES;
				ENABLE_TESTABILITY = YES;
				GCC_C_LANGUAGE_STANDARD = gnu11;
				GCC_DYNAMIC_NO_PIC = NO;
				GCC_NO_COMMON_BLOCKS = YES;
				GCC_OPTIMIZATION_LEVEL = 0;
				GCC_PREPROCESSOR_DEFINITIONS = (
					"$(inherited)",
					"DEBUG=1",
				);
				GCC_WARN_64_TO_32_BIT_CONVERSION = YES;
				GCC_WARN_ABOUT_RETURN_TYPE = YES_ERROR;
				GCC_WARN_UNDECLARED_SELECTOR = YES;
				GCC_WARN_UNINITIALIZED_AUTOS = YES_AGGRESSIVE;
				GCC_WARN_UNUSED_FUNCTION = YES;
				GCC_WARN_UNUSED_VARIABLE = YES;
				MACOSX_DEPLOYMENT_TARGET = 14.0;
				MTL_ENABLE_DEBUG_INFO = INCLUDE_SOURCE;
				MTL_FAST_MATH = YES;
				ONLY_ACTIVE_ARCH = YES;
				PRODUCT_NAME = "$(TARGET_NAME)";
				SDKROOT = macosx;
				SWIFT_ACTIVE_COMPILATION_CONDITIONS = DEBUG;
				SWIFT_OPTIMIZATION_LEVEL = "-Onone";
				SWIFT_VERSION = 5.0;
			};
			name = Debug;
		};
/* End XCBuildConfiguration section */

/* Begin XCConfigurationList section */
		03DF41305FB3C94B28A97F16 /* Build configuration list for PBXProject "DiskAnalyzer" */ = {
			isa = XCConfigurationList;
			buildConfigurations = (
				DE04F9FCE0D9995F798C5EB4 /* Debug */,
				D3A566272DEF2219353AD25D /* Release */,
			);
			defaultConfigurationIsVisible = 0;
			defaultConfigurationName = Debug;
		};
		953A8A24F42641A52594B237 /* Build configuration list for PBXNativeTarget "DiskAnalyzer" */ = {
			isa = XCConfigurationList;
			buildConfigurations = (
				BFC8D16B8E39C35DC70E5F4F /* Debug */,
				A5887BC222F0CE4D1CD9E404 /* Release */,
			);
			defaultConfigurationIsVisible = 0;
			defaultConfigurationName = Debug;
		};
/* End XCConfigurationList section */
	};
	rootObject = 9292972305F5F4174E42E6E1 /* Project object */;
}
